
Microsoft Visual Studio Solution File, Format Version 12.00
# Visual Studio Version 17
VisualStudioVersion = 17.4.33213.308
MinimumVisualStudioVersion = 10.0.40219.1
Project("{FAE04EC0-301F-11D3-BF4B-00C04F79EFBC}") = "ServiTech", "ServiTech\ServiTech.csproj", "{97C69B0E-669F-4863-99E4-FB73DD52BFF8}"
EndProject
Project("{2150E333-8FDC-42A3-9474-1A3956D46DE8}") = "Elementos de la solución", "Elementos de la solución", "{BBC8D42F-DCA9-477D-A066-6531278483C0}"
EndProject
Global
	GlobalSection(SolutionConfigurationPlatforms) = preSolution
		Debug|Any CPU = Debug|Any CPU
		Release|Any CPU = Release|Any CPU
	EndGlobalSection
	GlobalSection(ProjectConfigurationPlatforms) = postSolution
		{97C69B0E-669F-4863-99E4-FB73DD52BFF8}.Debug|Any CPU.ActiveCfg = Debug|Any CPU
		{97C69B0E-669F-4863-99E4-FB73DD52BFF8}.Debug|Any CPU.Build.0 = Debug|Any CPU
		{97C69B0E-669F-4863-99E4-FB73DD52BFF8}.Release|Any CPU.ActiveCfg = Release|Any CPU
		{97C69B0E-669F-4863-99E4-FB73DD52BFF8}.Release|Any CPU.Build.0 = Release|Any CPU
	EndGlobalSection
	GlobalSection(SolutionProperties) = preSolution
		HideSolutionNode = FALSE
	EndGlobalSection
	GlobalSection(ExtensibilityGlobals) = postSolution
		SolutionGuid = {20AFDD40-9D7B-4BE1-9EC7-156D4338D717}
	EndGlobalSection
EndGlobal
